
Microsoft Visual Studio Solution File, Format Version 12.00
# Visual Studio Version 17
VisualStudioVersion = 17.9.34616.47
MinimumVisualStudioVersion = 10.0.40219.1
Project("{FAE04EC0-301F-11D3-BF4B-00C04F79EFBC}") = "Learning", "Learning.csproj", "{2B24B387-CB13-420E-ADFB-7A47E920F907}"
EndProject
Global
	GlobalSection(SolutionConfigurationPlatforms) = preSolution
		Debug|Any CPU = Debug|Any CPU
		Release|Any CPU = Release|Any CPU
	EndGlobalSection
	GlobalSection(ProjectConfigurationPlatforms) = postSolution
		{2B24B387-CB13-420E-ADFB-7A47E920F907}.Debug|Any CPU.ActiveCfg = Debug|Any CPU
		{2B24B387-CB13-420E-ADFB-7A47E920F907}.Debug|Any CPU.Build.0 = Debug|Any CPU
		{2B24B387-CB13-420E-ADFB-7A47E920F907}.Release|Any CPU.ActiveCfg = Release|Any CPU
		{2B24B387-CB13-420E-ADFB-7A47E920F907}.Release|Any CPU.Build.0 = Release|Any CPU
	EndGlobalSection
	GlobalSection(SolutionProperties) = preSolution
		HideSolutionNode = FALSE
	EndGlobalSection
	GlobalSection(ExtensibilityGlobals) = postSolution
		SolutionGuid = {50EC3D57-F5EE-49EB-A22E-9FEEFB4FF3B3}
	EndGlobalSection
EndGlobal
